
Microsoft Visual Studio Solution File, Format Version 12.00
# Visual Studio Version 17
VisualStudioVersion = 17.7.34024.191
MinimumVisualStudioVersion = 10.0.40219.1
Project("{FAE04EC0-301F-11D3-BF4B-00C04F79EFBC}") = "Aplicación de Escritorio", "Aplicación de Escritorio\Aplicación de Escritorio.csproj", "{C9D672E8-4996-4C3E-B243-2DDF19D9E4DA}"
EndProject
Global
	GlobalSection(SolutionConfigurationPlatforms) = preSolution
		Debug|Any CPU = Debug|Any CPU
		Release|Any CPU = Release|Any CPU
	EndGlobalSection
	GlobalSection(ProjectConfigurationPlatforms) = postSolution
		{C9D672E8-4996-4C3E-B243-2DDF19D9E4DA}.Debug|Any CPU.ActiveCfg = Debug|Any CPU
		{C9D672E8-4996-4C3E-B243-2DDF19D9E4DA}.Debug|Any CPU.Build.0 = Debug|Any CPU
		{C9D672E8-4996-4C3E-B243-2DDF19D9E4DA}.Release|Any CPU.ActiveCfg = Release|Any CPU
		{C9D672E8-4996-4C3E-B243-2DDF19D9E4DA}.Release|Any CPU.Build.0 = Release|Any CPU
	EndGlobalSection
	GlobalSection(SolutionProperties) = preSolution
		HideSolutionNode = FALSE
	EndGlobalSection
	GlobalSection(ExtensibilityGlobals) = postSolution
		SolutionGuid = {559B7D1D-6415-4630-B9CA-C5471A872DAE}
	EndGlobalSection
EndGlobal
