
Microsoft Visual Studio Solution File, Format Version 12.00
# Visual Studio Version 17
VisualStudioVersion = 17.9.34622.214
MinimumVisualStudioVersion = 10.0.40219.1
Project("{FAE04EC0-301F-11D3-BF4B-00C04F79EFBC}") = "PruebaMAD", "PruebaMAD\PruebaMAD.csproj", "{A2CAC0C9-4439-43A6-A14A-2F6E2F8E908C}"
EndProject
Global
	GlobalSection(SolutionConfigurationPlatforms) = preSolution
		Debug|Any CPU = Debug|Any CPU
		Release|Any CPU = Release|Any CPU
	EndGlobalSection
	GlobalSection(ProjectConfigurationPlatforms) = postSolution
		{A2CAC0C9-4439-43A6-A14A-2F6E2F8E908C}.Debug|Any CPU.ActiveCfg = Debug|Any CPU
		{A2CAC0C9-4439-43A6-A14A-2F6E2F8E908C}.Debug|Any CPU.Build.0 = Debug|Any CPU
		{A2CAC0C9-4439-43A6-A14A-2F6E2F8E908C}.Release|Any CPU.ActiveCfg = Release|Any CPU
		{A2CAC0C9-4439-43A6-A14A-2F6E2F8E908C}.Release|Any CPU.Build.0 = Release|Any CPU
	EndGlobalSection
	GlobalSection(SolutionProperties) = preSolution
		HideSolutionNode = FALSE
	EndGlobalSection
	GlobalSection(ExtensibilityGlobals) = postSolution
		SolutionGuid = {E5DFF317-8AE0-4953-8697-4C1652F59D41}
	EndGlobalSection
EndGlobal
